
Microsoft Visual Studio Solution File, Format Version 12.00
# Visual Studio Version 17
VisualStudioVersion = 17.11.35303.130
MinimumVisualStudioVersion = 10.0.40219.1
Project("{FAE04EC0-301F-11D3-BF4B-00C04F79EFBC}") = "EAD_Web_Service", "EAD_Web_Service\EAD_Web_Service.csproj", "{BF3F6BCC-568A-4AFB-B2C7-03B6E3442FF2}"
EndProject
Global
	GlobalSection(SolutionConfigurationPlatforms) = preSolution
		Debug|Any CPU = Debug|Any CPU
		Release|Any CPU = Release|Any CPU
	EndGlobalSection
	GlobalSection(ProjectConfigurationPlatforms) = postSolution
		{BF3F6BCC-568A-4AFB-B2C7-03B6E3442FF2}.Debug|Any CPU.ActiveCfg = Debug|Any CPU
		{BF3F6BCC-568A-4AFB-B2C7-03B6E3442FF2}.Debug|Any CPU.Build.0 = Debug|Any CPU
		{BF3F6BCC-568A-4AFB-B2C7-03B6E3442FF2}.Release|Any CPU.ActiveCfg = Release|Any CPU
		{BF3F6BCC-568A-4AFB-B2C7-03B6E3442FF2}.Release|Any CPU.Build.0 = Release|Any CPU
	EndGlobalSection
	GlobalSection(SolutionProperties) = preSolution
		HideSolutionNode = FALSE
	EndGlobalSection
	GlobalSection(ExtensibilityGlobals) = postSolution
		SolutionGuid = {1BC25E60-56D9-41E9-B838-D3764B58DC23}
	EndGlobalSection
EndGlobal
